// !$*UTF8*$!
{
	archiveVersion = 1;
	classes = {
	};
	objectVersion = 51;
	objects = {

/* Begin PBXBuildFile section */
		72200E86A0A687107123C6F2 /* Pods_newsAppRxSwift.framework in Frameworks */ = {isa = PBXBuildFile; fileRef = 0C3328E83AE1674AB10E4B41 /* Pods_newsAppRxSwift.framework */; };
		759B74E7262B0411005D8970 /* AppDelegate.swift in Sources */ = {isa = PBXBuildFile; fileRef = 759B74E6262B0411005D8970 /* AppDelegate.swift */; };
		759B74E9262B0411005D8970 /* SceneDelegate.swift in Sources */ = {isa = PBXBuildFile; fileRef = 759B74E8262B0411005D8970 /* SceneDelegate.swift */; };
		759B74EE262B0411005D8970 /* Main.storyboard in Resources */ = {isa = PBXBuildFile; fileRef = 759B74EC262B0411005D8970 /* Main.storyboard */; };
		759B74F0262B0414005D8970 /* Assets.xcassets in Resources */ = {isa = PBXBuildFile; fileRef = 759B74EF262B0414005D8970 /* Assets.xcassets */; };
		759B74F3262B0414005D8970 /* LaunchScreen.storyboard in Resources */ = {isa = PBXBuildFile; fileRef = 759B74F1262B0414005D8970 /* LaunchScreen.storyboard */; };
		759B7502262B0529005D8970 /* NewsTableViewController.swift in Sources */ = {isa = PBXBuildFile; fileRef = 759B7501262B0529005D8970 /* NewsTableViewController.swift */; };
/* End PBXBuildFile section */

/* Begin PBXFileReference section */
		0C3328E83AE1674AB10E4B41 /* Pods_newsAppRxSwift.framework */ = {isa = PBXFileReference; explicitFileType = wrapper.framework; includeInIndex = 0; path = Pods_newsAppRxSwift.framework; sourceTree = BUILT_PRODUCTS_DIR; };
		759B74E3262B0411005D8970 /* newsAppRxSwift.app */ = {isa = PBXFileReference; explicitFileType = wrapper.application; includeInIndex = 0; path = newsAppRxSwift.app; sourceTree = BUILT_PRODUCTS_DIR; };
		759B74E6262B0411005D8970 /* AppDelegate.swift */ = {isa = PBXFileReference; lastKnownFileType = sourcecode.swift; path = AppDelegate.swift; sourceTree = "<group>"; };
		759B74E8262B0411005D8970 /* SceneDelegate.swift */ = {isa = PBXFileReference; lastKnownFileType = sourcecode.swift; path = SceneDelegate.swift; sourceTree = "<group>"; };
		759B74ED262B0411005D8970 /* Base */ = {isa = PBXFileReference; lastKnownFileType = file.storyboard; name = Base; path = Base.lproj/Main.storyboard; sourceTree = "<group>"; };
		759B74EF262B0414005D8970 /* Assets.xcassets */ = {isa = PBXFileReference; lastKnownFileType = folder.assetcatalog; path = Assets.xcassets; sourceTree = "<group>"; };
		759B74F2262B0414005D8970 /* Base */ = {isa = PBXFileReference; lastKnownFileType = file.storyboard; name = Base; path = Base.lproj/LaunchScreen.storyboard; sourceTree = "<group>"; };
		759B74F4262B0414005D8970 /* Info.plist */ = {isa = PBXFileReference; lastKnownFileType = text.plist.xml; path = Info.plist; sourceTree = "<group>"; };
		759B7501262B0529005D8970 /* NewsTableViewController.swift */ = {isa = PBXFileReference; lastKnownFileType = sourcecode.swift; path = NewsTableViewController.swift; sourceTree = "<group>"; };
		94E593FAB887FA1149E48841 /* Pods-newsAppRxSwift.debug.xcconfig */ = {isa = PBXFileReference; includeInIndex = 1; lastKnownFileType = text.xcconfig; name = "Pods-newsAppRxSwift.debug.xcconfig"; path = "Target Support Files/Pods-newsAppRxSwift/Pods-newsAppRxSwift.debug.xcconfig"; sourceTree = "<group>"; };
		95F1A807F4035D10AEEB539D /* Pods-newsAppRxSwift.release.xcconfig */ = {isa = PBXFileReference; includeInIndex = 1; lastKnownFileType = text.xcconfig; name = "Pods-newsAppRxSwift.release.xcconfig"; path = "Target Support Files/Pods-newsAppRxSwift/Pods-newsAppRxSwift.release.xcconfig"; sourceTree = "<group>"; };
/* End PBXFileReference section */

/* Begin PBXFrameworksBuildPhase section */
		759B74E0262B0411005D8970 /* Frameworks */ = {
			isa = PBXFrameworksBuildPhase;
			buildActionMask = 2147483647;
			files = (
				72200E86A0A687107123C6F2 /* Pods_newsAppRxSwift.framework in Frameworks */,
			);
			runOnlyForDeploymentPostprocessing = 0;
		};
/* End PBXFrameworksBuildPhase section */

/* Begin PBXGroup section */
		1ABB597DD2B2F1F7FCDF34E7 /* Frameworks */ = {
			isa = PBXGroup;
			children = (
				0C3328E83AE1674AB10E4B41 /* Pods_newsAppRxSwift.framework */,
			);
			name = Frameworks;
			sourceTree = "<group>";
		};
		5FA7807FAB2C4DAEB0E104B7 /* Pods */ = {
			isa = PBXGroup;
			children = (
				94E593FAB887FA1149E48841 /* Pods-newsAppRxSwift.debug.xcconfig */,
				95F1A807F4035D10AEEB539D /* Pods-newsAppRxSwift.release.xcconfig */,
			);
			path = Pods;
			sourceTree = "<group>";
		};
		759B74DA262B0411005D8970 = {
			isa = PBXGroup;
			children = (
				759B74E5262B0411005D8970 /* newsAppRxSwift */,
				759B74E4262B0411005D8970 /* Products */,
				5FA7807FAB2C4DAEB0E104B7 /* Pods */,
				1ABB597DD2B2F1F7FCDF34E7 /* Frameworks */,
			);
			sourceTree = "<group>";
		};
		759B74E4262B0411005D8970 /* Products */ = {
			isa = PBXGroup;
			children = (
				759B74E3262B0411005D8970 /* newsAppRxSwift.app */,
			);
			name = Products;
			sourceTree = "<group>";
		};
		759B74E5262B0411005D8970 /* newsAppRxSwift */ = {
			isa = PBXGroup;
			children = (
				759B74E6262B0411005D8970 /* AppDelegate.swift */,
				759B74E8262B0411005D8970 /* SceneDelegate.swift */,
				759B74EC262B0411005D8970 /* Main.storyboard */,
				759B74EF262B0414005D8970 /* Assets.xcassets */,
				759B74F1262B0414005D8970 /* LaunchScreen.storyboard */,
				759B74F4262B0414005D8970 /* Info.plist */,
				759B7501262B0529005D8970 /* NewsTableViewController.swift */,
			);
			path = newsAppRxSwift;
			sourceTree = "<group>";
		};
/* End PBXGroup section */

/* Begin PBXNativeTarget section */
		759B74E2262B0411005D8970 /* newsAppRxSwift */ = {
			isa = PBXNativeTarget;
			buildConfigurationList = 759B74F7262B0414005D8970 /* Build configuration list for PBXNativeTarget "newsAppRxSwift" */;
			buildPhases = (
				DB3632842E122D5A90FD9C7A /* [CP] Check Pods Manifest.lock */,
				759B74DF262B0411005D8970 /* Sources */,
				759B74E0262B0411005D8970 /* Frameworks */,
				759B74E1262B0411005D8970 /* Resources */,
				C90D099124E2EE64E9A1A53E /* [CP] Embed Pods Frameworks */,
			);
			buildRules = (
			);
			dependencies = (
			);
			name = newsAppRxSwift;
			productName = newsAppRxSwift;
			productReference = 759B74E3262B0411005D8970 /* newsAppRxSwift.app */;
			productType = "com.apple.product-type.application";
		};
/* End PBXNativeTarget section */

/* Begin PBXProject section */
		759B74DB262B0411005D8970 /* Project object */ = {
			isa = PBXProject;
			attributes = {
				LastSwiftUpdateCheck = 1240;
				LastUpgradeCheck = 1240;
				TargetAttributes = {
					759B74E2262B0411005D8970 = {
						CreatedOnToolsVersion = 12.4;
					};
				};
			};
			buildConfigurationList = 759B74DE262B0411005D8970 /* Build configuration list for PBXProject "newsAppRxSwift" */;
			compatibilityVersion = "Xcode 9.3";
			developmentRegion = en;
			hasScannedForEncodings = 0;
			knownRegions = (
				en,
				Base,
			);
			mainGroup = 759B74DA262B0411005D8970;
			productRefGroup = 759B74E4262B0411005D8970 /* Products */;
			projectDirPath = "";
			projectRoot = "";
			targets = (
				759B74E2262B0411005D8970 /* newsAppRxSwift */,
			);
		};
/* End PBXProject section */

/* Begin PBXResourcesBuildPhase section */
		759B74E1262B0411005D8970 /* Resources */ = {
			isa = PBXResourcesBuildPhase;
			buildActionMask = 2147483647;
			files = (
				759B74F3262B0414005D8970 /* LaunchScreen.storyboard in Resources */,
				759B74F0262B0414005D8970 /* Assets.xcassets in Resources */,
				759B74EE262B0411005D8970 /* Main.storyboard in Resources */,
			);
			runOnlyForDeploymentPostprocessing = 0;
		};
/* End PBXResourcesBuildPhase section */

/* Begin PBXShellScriptBuildPhase section */
		C90D099124E2EE64E9A1A53E /* [CP] Embed Pods Frameworks */ = {
			isa = PBXShellScriptBuildPhase;
			buildActionMask = 2147483647;
			files = (
			);
			inputFileListPaths = (
				"${PODS_ROOT}/Target Support Files/Pods-newsAppRxSwift/Pods-newsAppRxSwift-frameworks-${CONFIGURATION}-input-files.xcfilelist",
			);
			name = "[CP] Embed Pods Frameworks";
			outputFileListPaths = (
				"${PODS_ROOT}/Target Support Files/Pods-newsAppRxSwift/Pods-newsAppRxSwift-frameworks-${CONFIGURATION}-output-files.xcfilelist",
			);
			runOnlyForDeploymentPostprocessing = 0;
			shellPath = /bin/sh;
			shellScript = "\"${PODS_ROOT}/Target Support Files/Pods-newsAppRxSwift/Pods-newsAppRxSwift-frameworks.sh\"\n";
			showEnvVarsInLog = 0;
		};
		DB3632842E122D5A90FD9C7A /* [CP] Check Pods Manifest.lock */ = {
			isa = PBXShellScriptBuildPhase;
			buildActionMask = 2147483647;
			files = (
			);
			inputFileListPaths = (
			);
			inputPaths = (
				"${PODS_PODFILE_DIR_PATH}/Podfile.lock",
				"${PODS_ROOT}/Manifest.lock",
			);
			name = "[CP] Check Pods Manifest.lock";
			outputFileListPaths = (
			);
			outputPaths = (
				"$(DERIVED_FILE_DIR)/Pods-newsAppRxSwift-checkManifestLockResult.txt",
			);
			runOnlyForDeploymentPostprocessing = 0;
			shellPath = /bin/sh;
			shellScript = "diff \"${PODS_PODFILE_DIR_PATH}/Podfile.lock\" \"${PODS_ROOT}/Manifest.lock\" > /dev/null\nif [ $? != 0 ] ; then\n    # print error to STDERR\n    echo \"error: The sandbox is not in sync with the Podfile.lock. Run 'pod install' or update your CocoaPods installation.\" >&2\n    exit 1\nfi\n# This output is used by Xcode 'outputs' to avoid re-running this script phase.\necho \"SUCCESS\" > \"${SCRIPT_OUTPUT_FILE_0}\"\n";
			showEnvVarsInLog = 0;
		};
/* End PBXShellScriptBuildPhase section */

/* Begin PBXSourcesBuildPhase section */
		759B74DF262B0411005D8970 /* Sources */ = {
			isa = PBXSourcesBuildPhase;
			buildActionMask = 2147483647;
			files = (
				759B74E7262B0411005D8970 /* AppDelegate.swift in Sources */,
				759B74E9262B0411005D8970 /* SceneDelegate.swift in Sources */,
				759B7502262B0529005D8970 /* NewsTableViewController.swift in Sources */,
			);
			runOnlyForDeploymentPostprocessing = 0;
		};
/* End PBXSourcesBuildPhase section */

/* Begin PBXVariantGroup section */
		759B74EC262B0411005D8970 /* Main.storyboard */ = {
			isa = PBXVariantGroup;
			children = (
				759B74ED262B0411005D8970 /* Base */,
			);
			name = Main.storyboard;
			sourceTree = "<group>";
		};
		759B74F1262B0414005D8970 /* LaunchScreen.storyboard */ = {
			isa = PBXVariantGroup;
			children = (
				759B74F2262B0414005D8970 /* Base */,
			);
			name = LaunchScreen.storyboard;
			sourceTree = "<group>";
		};
/* End PBXVariantGroup section */

/* Begin XCBuildConfiguration section */
		759B74F5262B0414005D8970 /* Debug */ = {
			isa = XCBuildConfiguration;
			buildSettings = {
				ALWAYS_SEARCH_USER_PATHS = NO;
				CLANG_ANALYZER_NONNULL = YES;
				CLANG_ANALYZER_NUMBER_OBJECT_CONVERSION = YES_AGGRESSIVE;
				CLANG_CXX_LANGUAGE_STANDARD = "gnu++14";
				CLANG_CXX_LIBRARY = "libc++";
				CLANG_ENABLE_MODULES = YES;
				CLANG_ENABLE_OBJC_ARC = YES;
				CLANG_ENABLE_OBJC_WEAK = YES;
				CLANG_WARN_BLOCK_CAPTURE_AUTORELEASING = YES;
				CLANG_WARN_BOOL_CONVERSION = YES;
				CLANG_WARN_COMMA = YES;
				CLANG_WARN_CONSTANT_CONVERSION = YES;
				CLANG_WARN_DEPRECATED_OBJC_IMPLEMENTATIONS = YES;
				CLANG_WARN_DIRECT_OBJC_ISA_USAGE = YES_ERROR;
				CLANG_WARN_DOCUMENTATION_COMMENTS = YES;
				CLANG_WARN_EMPTY_BODY = YES;
				CLANG_WARN_ENUM_CONVERSION = YES;
				CLANG_WARN_INFINITE_RECURSION = YES;
				CLANG_WARN_INT_CONVERSION = YES;
				CLANG_WARN_NON_LITERAL_NULL_CONVERSION = YES;
				CLANG_WARN_OBJC_IMPLICIT_RETAIN_SELF = YES;
				CLANG_WARN_OBJC_LITERAL_CONVERSION = YES;
				CLANG_WARN_OBJC_ROOT_CLASS = YES_ERROR;
				CLANG_WARN_QUOTED_INCLUDE_IN_FRAMEWORK_HEADER = YES;
				CLANG_WARN_RANGE_LOOP_ANALYSIS = YES;
				CLANG_WARN_STRICT_PROTOTYPES = YES;
				CLANG_WARN_SUSPICIOUS_MOVE = YES;
				CLANG_WARN_UNGUARDED_AVAILABILITY = YES_AGGRESSIVE;
				CLANG_WARN_UNREACHABLE_CODE = YES;
				CLANG_WARN__DUPLICATE_METHOD_MATCH = YES;
				COPY_PHASE_STRIP = NO;
				DEBUG_INFORMATION_FORMAT = dwarf;
				ENABLE_STRICT_OBJC_MSGSEND = YES;
				ENABLE_TESTABILITY = YES;
				GCC_C_LANGUAGE_STANDARD = gnu11;
				GCC_DYNAMIC_NO_PIC = NO;
				GCC_NO_COMMON_BLOCKS = YES;
				GCC_OPTIMIZATION_LEVEL = 0;
				GCC_PREPROCESSOR_DEFINITIONS = (
					"DEBUG=1",
					"$(inherited)",
				);
				GCC_WARN_64_TO_32_BIT_CONVERSION = YES;
				GCC_WARN_ABOUT_RETURN_TYPE = YES_ERROR;
				GCC_WARN_UNDECLARED_SELECTOR = YES;
				GCC_WARN_UNINITIALIZED_AUTOS = YES_AGGRESSIVE;
				GCC_WARN_UNUSED_FUNCTION = YES;
				GCC_WARN_UNUSED_VARIABLE = YES;
				IPHONEOS_DEPLOYMENT_TARGET = 14.4;
				MTL_ENABLE_DEBUG_INFO = INCLUDE_SOURCE;
				MTL_FAST_MATH = YES;
				ONLY_ACTIVE_ARCH = YES;
				SDKROOT = iphoneos;
				SWIFT_ACTIVE_COMPILATION_CONDITIONS = DEBUG;
				SWIFT_OPTIMIZATION_LEVEL = "-Onone";
			};
			name = Debug;
		};
		759B74F6262B0414005D8970 /* Release */ = {
			isa = XCBuildConfiguration;
			buildSettings = {
				ALWAYS_SEARCH_USER_PATHS = NO;
				CLANG_ANALYZER_NONNULL = YES;
				CLANG_ANALYZER_NUMBER_OBJECT_CONVERSION = YES_AGGRESSIVE;
				CLANG_CXX_LANGUAGE_STANDARD = "gnu++14";
				CLANG_CXX_LIBRARY = "libc++";
				CLANG_ENABLE_MODULES = YES;
				CLANG_ENABLE_OBJC_ARC = YES;
				CLANG_ENABLE_OBJC_WEAK = YES;
				CLANG_WARN_BLOCK_CAPTURE_AUTORELEASING = YES;
				CLANG_WARN_BOOL_CONVERSION = YES;
				CLANG_WARN_COMMA = YES;
				CLANG_WARN_CONSTANT_CONVERSION = YES;
				CLANG_WARN_DEPRECATED_OBJC_IMPLEMENTATIONS = YES;
				CLANG_WARN_DIRECT_OBJC_ISA_USAGE = YES_ERROR;
				CLANG_WARN_DOCUMENTATION_COMMENTS = YES;
				CLANG_WARN_EMPTY_BODY = YES;
				CLANG_WARN_ENUM_CONVERSION = YES;
				CLANG_WARN_INFINITE_RECURSION = YES;
				CLANG_WARN_INT_CONVERSION = YES;
				CLANG_WARN_NON_LITERAL_NULL_CONVERSION = YES;
				CLANG_WARN_OBJC_IMPLICIT_RETAIN_SELF = YES;
				CLANG_WARN_OBJC_LITERAL_CONVERSION = YES;
				CLANG_WARN_OBJC_ROOT_CLASS = YES_ERROR;
				CLANG_WARN_QUOTED_INCLUDE_IN_FRAMEWORK_HEADER = YES;
				CLANG_WARN_RANGE_LOOP_ANALYSIS = YES;
				CLANG_WARN_STRICT_PROTOTYPES = YES;
				CLANG_WARN_SUSPICIOUS_MOVE = YES;
				CLANG_WARN_UNGUARDED_AVAILABILITY = YES_AGGRESSIVE;
				CLANG_WARN_UNREACHABLE_CODE = YES;
				CLANG_WARN__DUPLICATE_METHOD_MATCH = YES;
				COPY_PHASE_STRIP = NO;
				DEBUG_INFORMATION_FORMAT = "dwarf-with-dsym";
				ENABLE_NS_ASSERTIONS = NO;
				ENABLE_STRICT_OBJC_MSGSEND = YES;
				GCC_C_LANGUAGE_STANDARD = gnu11;
				GCC_NO_COMMON_BLOCKS = YES;
				GCC_WARN_64_TO_32_BIT_CONVERSION = YES;
				GCC_WARN_ABOUT_RETURN_TYPE = YES_ERROR;
				GCC_WARN_UNDECLARED_SELECTOR = YES;
				GCC_WARN_UNINITIALIZED_AUTOS = YES_AGGRESSIVE;
				GCC_WARN_UNUSED_FUNCTION = YES;
				GCC_WARN_UNUSED_VARIABLE = YES;
				IPHONEOS_DEPLOYMENT_TARGET = 14.4;
				MTL_ENABLE_DEBUG_INFO = NO;
				MTL_FAST_MATH = YES;
				SDKROOT = iphoneos;
				SWIFT_COMPILATION_MODE = wholemodule;
				SWIFT_OPTIMIZATION_LEVEL = "-O";
				VALIDATE_PRODUCT = YES;
			};
			name = Release;
		};
		759B74F8262B0414005D8970 /* Debug */ = {
			isa = XCBuildConfiguration;
			baseConfigurationReference = 94E593FAB887FA1149E48841 /* Pods-newsAppRxSwift.debug.xcconfig */;
			buildSettings = {
				ASSETCATALOG_COMPILER_APPICON_NAME = AppIcon;
				ASSETCATALOG_COMPILER_GLOBAL_ACCENT_COLOR_NAME = AccentColor;
				CODE_SIGN_STYLE = Automatic;
				DEVELOPMENT_TEAM = H9UB4842E4;
				INFOPLIST_FILE = newsAppRxSwift/Info.plist;
				LD_RUNPATH_SEARCH_PATHS = (
					"$(inherited)",
					"@executable_path/Frameworks",
				);
				PRODUCT_BUNDLE_IDENTIFIER = ignatiojulian.newsAppRxSwift;
				PRODUCT_NAME = "$(TARGET_NAME)";
				SWIFT_VERSION = 5.0;
				TARGETED_DEVICE_FAMILY = "1,2";
			};
			name = Debug;
		};
		759B74F9262B0414005D8970 /* Release */ = {
			isa = XCBuildConfiguration;
			baseConfigurationReference = 95F1A807F4035D10AEEB539D /* Pods-newsAppRxSwift.release.xcconfig */;
			buildSettings = {
				ASSETCATALOG_COMPILER_APPICON_NAME = AppIcon;
				ASSETCATALOG_COMPILER_GLOBAL_ACCENT_COLOR_NAME = AccentColor;
				CODE_SIGN_STYLE = Automatic;
				DEVELOPMENT_TEAM = H9UB4842E4;
				INFOPLIST_FILE = newsAppRxSwift/Info.plist;
				LD_RUNPATH_SEARCH_PATHS = (
					"$(inherited)",
					"@executable_path/Frameworks",
				);
				PRODUCT_BUNDLE_IDENTIFIER = ignatiojulian.newsAppRxSwift;
				PRODUCT_NAME = "$(TARGET_NAME)";
				SWIFT_VERSION = 5.0;
				TARGETED_DEVICE_FAMILY = "1,2";
			};
			name = Release;
		};
/* End XCBuildConfiguration section */

/* Begin XCConfigurationList section */
		759B74DE262B0411005D8970 /* Build configuration list for PBXProject "newsAppRxSwift" */ = {
			isa = XCConfigurationList;
			buildConfigurations = (
				759B74F5262B0414005D8970 /* Debug */,
				759B74F6262B0414005D8970 /* Release */,
			);
			defaultConfigurationIsVisible = 0;
			defaultConfigurationName = Release;
		};
		759B74F7262B0414005D8970 /* Build configuration list for PBXNativeTarget "newsAppRxSwift" */ = {
			isa = XCConfigurationList;
			buildConfigurations = (
				759B74F8262B0414005D8970 /* Debug */,
				759B74F9262B0414005D8970 /* Release */,
			);
			defaultConfigurationIsVisible = 0;
			defaultConfigurationName = Release;
		};
/* End XCConfigurationList section */
	};
	rootObject = 759B74DB262B0411005D8970 /* Project object */;
}
